<?xml version="1.0" encoding="utf-8"?>
<Project ToolsVersion="4.0" xmlns="http://schemas.microsoft.com/developer/msbuild/2003">
  <ItemGroup>
    <Filter Include="소스 파일">
      <UniqueIdentifier>{4FC737F1-C7A5-4376-A066-2A32D752A2FF}</UniqueIdentifier>
      <Extensions>cpp;c;cc;cxx;c++;cppm;ixx;def;odl;idl;hpj;bat;asm;asmx</Extensions>
    </Filter>
    <Filter Include="헤더 파일">
      <UniqueIdentifier>{93995380-89BD-4b04-88EB-625FBE52EBFB}</UniqueIdentifier>
      <Extensions>h;hh;hpp;hxx;h++;hm;inl;inc;ipp;xsd</Extensions>
    </Filter>
    <Filter Include="리소스 파일">
      <UniqueIdentifier>{67DA6AB6-F800-4c08-8B7A-83BB121AAD01}</UniqueIdentifier>
      <Extensions>rc;ico;cur;bmp;dlg;rc2;rct;bin;rgs;gif;jpg;jpeg;jpe;resx;tiff;tif;png;wav;mfcribbon-ms</Extensions>
    </Filter>
  </ItemGroup>
  <ItemGroup>
    <ClCompile Include="4숫자사각형2.cpp">
      <Filter>소스 파일</Filter>
    </ClCompile>
    <ClCompile Include="1구구단.cpp">
      <Filter>소스 파일</Filter>
    </ClCompile>
    <ClCompile Include="5숫자사각형3.cpp">
      <Filter>소스 파일</Filter>
    </ClCompile>
    <ClCompile Include="7문자사각형2.cpp">
      <Filter>소스 파일</Filter>
    </ClCompile>
    <ClCompile Include="8문자삼각형1.cpp">
      <Filter>소스 파일</Filter>
    </ClCompile>
    <ClCompile Include="10별삼각형1.cpp">
      <Filter>소스 파일</Filter>
    </ClCompile>
    <ClCompile Include="9문자삼각형2.cpp">
      <Filter>소스 파일</Filter>
    </ClCompile>
    <ClCompile Include="11별삼각형2.cpp">
      <Filter>소스 파일</Filter>
    </ClCompile>
    <ClCompile Include="12별삼각형3.cpp">
      <Filter>소스 파일</Filter>
    </ClCompile>
    <ClCompile Include="13달팽이사각형.cpp">
      <Filter>소스 파일</Filter>
    </ClCompile>
    <ClCompile Include="14달팽이각형.cpp">
      <Filter>소스 파일</Filter>
    </ClCompile>
    <ClCompile Include="15파스칼삼각형.cpp">
      <Filter>소스 파일</Filter>
    </ClCompile>
    <ClCompile Include="16대각선지그재그.cpp">
      <Filter>소스 파일</Filter>
    </ClCompile>
    <ClCompile Include="17문자마름모.cpp">
      <Filter>소스 파일</Filter>
    </ClCompile>
    <ClCompile Include="18약수.cpp">
      <Filter>소스 파일</Filter>
    </ClCompile>
    <ClCompile Include="sorting_알고리즘_정리.cpp">
      <Filter>소스 파일</Filter>
    </ClCompile>
    <ClCompile Include="19약수와배수.cpp">
      <Filter>소스 파일</Filter>
    </ClCompile>
    <ClCompile Include="20약수구하기.cpp">
      <Filter>소스 파일</Filter>
    </ClCompile>
    <ClCompile Include="21최대공약수와최소공배수.cpp">
      <Filter>소스 파일</Filter>
    </ClCompile>
    <ClCompile Include="22최대공약수최소공배수.cpp">
      <Filter>소스 파일</Filter>
    </ClCompile>
    <ClCompile Include="23각자리수의역과합.cpp">
      <Filter>소스 파일</Filter>
    </ClCompile>
    <ClCompile Include="24소수와합성수.cpp">
      <Filter>소스 파일</Filter>
    </ClCompile>
    <ClCompile Include="25소수.cpp">
      <Filter>소스 파일</Filter>
    </ClCompile>
    <ClCompile Include="27소수의개수.cpp">
      <Filter>소스 파일</Filter>
    </ClCompile>
    <ClCompile Include="26소수구하기.cpp">
      <Filter>소스 파일</Filter>
    </ClCompile>
    <ClCompile Include="28이진수.cpp">
      <Filter>소스 파일</Filter>
    </ClCompile>
    <ClCompile Include="29십진수를2816진수로.cpp">
      <Filter>소스 파일</Filter>
    </ClCompile>
    <ClCompile Include="30진법변환.cpp">
      <Filter>소스 파일</Filter>
    </ClCompile>
    <ClCompile Include="32문자열찾기.cpp">
      <Filter>소스 파일</Filter>
    </ClCompile>
    <ClCompile Include="31앞뒤같은제곱.cpp">
      <Filter>소스 파일</Filter>
    </ClCompile>
    <ClCompile Include="33암호풀기.cpp">
      <Filter>소스 파일</Filter>
    </ClCompile>
    <ClCompile Include="34단어집합2.cpp">
      <Filter>소스 파일</Filter>
    </ClCompile>
  </ItemGroup>
</Project>